# This file is automatically @generated by Poetry 1.4.2 and should not be changed by hand.

[[package]]
name = "anyio"
version = "3.7.0"
description = "High level compatibility layer for multiple asynchronous event loop implementations"
category = "main"
optional = false
python-versions = ">=3.7"
files = [
    {file = "anyio-3.7.0-py3-none-any.whl", hash = "sha256:eddca883c4175f14df8aedce21054bfca3adb70ffe76a9f607aef9d7fa2ea7f0"},
    {file = "anyio-3.7.0.tar.gz", hash = "sha256:275d9973793619a5374e1c89a4f4ad3f4b0a5510a2b5b939444bee8f4c4d37ce"},
]

[package.dependencies]
idna = ">=2.8"
sniffio = ">=1.1"

[package.extras]
doc = ["Sphinx (>=6.1.0)", "packaging", "sphinx-autodoc-typehints (>=1.2.0)", "sphinx-rtd-theme", "sphinxcontrib-jquery"]
test = ["anyio[trio]", "coverage[toml] (>=4.5)", "hypothesis (>=4.0)", "mock (>=4)", "psutil (>=5.9)", "pytest (>=7.0)", "pytest-mock (>=3.6.1)", "trustme", "uvloop (>=0.17)"]
trio = ["trio (<0.22)"]

[[package]]
name = "certifi"
version = "2023.5.7"
description = "Python package for providing Mozilla's CA Bundle."
category = "main"
optional = false
python-versions = ">=3.6"
files = [
    {file = "certifi-2023.5.7-py3-none-any.whl", hash = "sha256:c6c2e98f5c7869efca1f8916fed228dd91539f9f1b444c314c06eef02980c716"},
    {file = "certifi-2023.5.7.tar.gz", hash = "sha256:0f0d56dc5a6ad56fd4ba36484d6cc34451e1c6548c61daad8c320169f91eddc7"},
]

[[package]]
name = "h11"
version = "0.14.0"
description = "A pure-Python, bring-your-own-I/O implementation of HTTP/1.1"
category = "main"
optional = false
python-versions = ">=3.7"
files = [
    {file = "h11-0.14.0-py3-none-any.whl", hash = "sha256:e3fe4ac4b851c468cc8363d500db52c2ead036020723024a109d37346efaa761"},
    {file = "h11-0.14.0.tar.gz", hash = "sha256:8f19fbbe99e72420ff35c00b27a34cb9937e902a8b810e2c88300c6f0a3b699d"},
]

[[package]]
name = "httpcore"
version = "0.17.2"
description = "A minimal low-level HTTP client."
category = "main"
optional = false
python-versions = ">=3.7"
files = [
    {file = "httpcore-0.17.2-py3-none-any.whl", hash = "sha256:5581b9c12379c4288fe70f43c710d16060c10080617001e6b22a3b6dbcbefd36"},
    {file = "httpcore-0.17.2.tar.gz", hash = "sha256:125f8375ab60036db632f34f4b627a9ad085048eef7cb7d2616fea0f739f98af"},
]

[package.dependencies]
anyio = ">=3.0,<5.0"
certifi = "*"
h11 = ">=0.13,<0.15"
sniffio = ">=1.0.0,<2.0.0"

[package.extras]
http2 = ["h2 (>=3,<5)"]
socks = ["socksio (>=1.0.0,<2.0.0)"]

[[package]]
name = "httpx"
version = "0.24.1"
description = "The next generation HTTP client."
category = "main"
optional = false
python-versions = ">=3.7"
files = [
    {file = "httpx-0.24.1-py3-none-any.whl", hash = "sha256:06781eb9ac53cde990577af654bd990a4949de37a28bdb4a230d434f3a30b9bd"},
    {file = "httpx-0.24.1.tar.gz", hash = "sha256:5853a43053df830c20f8110c5e69fe44d035d850b2dfe795e196f00fdb774bdd"},
]

[package.dependencies]
certifi = "*"
httpcore = ">=0.15.0,<0.18.0"
idna = "*"
sniffio = "*"

[package.extras]
brotli = ["brotli", "brotlicffi"]
cli = ["click (>=8.0.0,<9.0.0)", "pygments (>=2.0.0,<3.0.0)", "rich (>=10,<14)"]
http2 = ["h2 (>=3,<5)"]
socks = ["socksio (>=1.0.0,<2.0.0)"]

[[package]]
name = "idna"
version = "3.4"
description = "Internationalized Domain Names in Applications (IDNA)"
category = "main"
optional = false
python-versions = ">=3.5"
files = [
    {file = "idna-3.4-py3-none-any.whl", hash = "sha256:90b77e79eaa3eba6de819a0c442c0b4ceefc341a7a2ab77d7562bf49f425c5c2"},
    {file = "idna-3.4.tar.gz", hash = "sha256:814f528e8dead7d329833b91c5faa87d60bf71824cd12a7530b5526063d02cb4"},
]

[[package]]
name = "ruff"
version = "0.1.0"
description = "An extremely fast Python linter, written in Rust."
category = "main"
optional = false
python-versions = ">=3.7"
files = [
    {file = "ruff-0.1.0-py3-none-macosx_10_7_x86_64.whl", hash = "sha256:87114e254dee35e069e1b922d85d4b21a5b61aec759849f393e1dbb308a00439"},
    {file = "ruff-0.1.0-py3-none-macosx_10_9_x86_64.macosx_11_0_arm64.macosx_10_9_universal2.whl", hash = "sha256:764f36d2982cc4a703e69fb73a280b7c539fd74b50c9ee531a4e3fe88152f521"},
    {file = "ruff-0.1.0-py3-none-manylinux_2_17_aarch64.manylinux2014_aarch64.whl", hash = "sha256:65f4b7fb539e5cf0f71e9bd74f8ddab74cabdd673c6fb7f17a4dcfd29f126255"},
    {file = "ruff-0.1.0-py3-none-manylinux_2_17_armv7l.manylinux2014_armv7l.whl", hash = "sha256:299fff467a0f163baa282266b310589b21400de0a42d8f68553422fa6bf7ee01"},
    {file = "ruff-0.1.0-py3-none-manylinux_2_17_i686.manylinux2014_i686.whl", hash = "sha256:0d412678bf205787263bb702c984012a4f97e460944c072fd7cfa2bd084857c4"},
    {file = "ruff-0.1.0-py3-none-manylinux_2_17_ppc64.manylinux2014_ppc64.whl", hash = "sha256:a5391b49b1669b540924640587d8d24128e45be17d1a916b1801d6645e831581"},
    {file = "ruff-0.1.0-py3-none-manylinux_2_17_ppc64le.manylinux2014_ppc64le.whl", hash = "sha256:ee8cd57f454cdd77bbcf1e11ff4e0046fb6547cac1922cc6e3583ce4b9c326d1"},
    {file = "ruff-0.1.0-py3-none-manylinux_2_17_s390x.manylinux2014_s390x.whl", hash = "sha256:fa7aeed7bc23861a2b38319b636737bf11cfa55d2109620b49cf995663d3e888"},
    {file = "ruff-0.1.0-py3-none-manylinux_2_17_x86_64.manylinux2014_x86_64.whl", hash = "sha256:b04cd4298b43b16824d9a37800e4c145ba75c29c43ce0d74cad1d66d7ae0a4c5"},
    {file = "ruff-0.1.0-py3-none-musllinux_1_2_aarch64.whl", hash = "sha256:7186ccf54707801d91e6314a016d1c7895e21d2e4cd614500d55870ed983aa9f"},
    {file = "ruff-0.1.0-py3-none-musllinux_1_2_armv7l.whl", hash = "sha256:d88adfd93849bc62449518228581d132e2023e30ebd2da097f73059900d8dce3"},
    {file = "ruff-0.1.0-py3-none-musllinux_1_2_i686.whl", hash = "sha256:ad2ccdb3bad5a61013c76a9c1240fdfadf2c7103a2aeebd7bcbbed61f363138f"},
    {file = "ruff-0.1.0-py3-none-musllinux_1_2_x86_64.whl", hash = "sha256:b77f6cfa72c6eb19b5cac967cc49762ae14d036db033f7d97a72912770fd8e1c"},
    {file = "ruff-0.1.0-py3-none-win32.whl", hash = "sha256:480bd704e8af1afe3fd444cc52e3c900b936e6ca0baf4fb0281124330b6ceba2"},
    {file = "ruff-0.1.0-py3-none-win_amd64.whl", hash = "sha256:a76ba81860f7ee1f2d5651983f87beb835def94425022dc5f0803108f1b8bfa2"},
    {file = "ruff-0.1.0-py3-none-win_arm64.whl", hash = "sha256:45abdbdab22509a2c6052ecf7050b3f5c7d6b7898dc07e82869401b531d46da4"},
    {file = "ruff-0.1.0.tar.gz", hash = "sha256:ad6b13824714b19c5f8225871cf532afb994470eecb74631cd3500fe817e6b3f"},
]

[[package]]
name = "sniffio"
version = "1.3.0"
description = "Sniff out which async library your code is running under"
category = "main"
optional = false
python-versions = ">=3.7"
files = [
    {file = "sniffio-1.3.0-py3-none-any.whl", hash = "sha256:eecefdce1e5bbfb7ad2eeaabf7c1eeb404d7757c379bd1f7e5cce9d8bf425384"},
    {file = "sniffio-1.3.0.tar.gz", hash = "sha256:e60305c5e5d314f5389259b7f22aaa33d8f7dee49763119234af3755c55b9101"},
]

[metadata]
lock-version = "2.0"
python-versions = "^3.11"
content-hash = "3592cc3b9d6e158c3fb9bc41c54976f90bb9a36ee474ca2011cb5422e6f52afb"
